
Microsoft Visual Studio Solution File, Format Version 12.00
# Visual Studio 15
VisualStudioVersion = 15.0.28307.960
MinimumVisualStudioVersion = 10.0.40219.1
Project("{FAE04EC0-301F-11D3-BF4B-00C04F79EFBC}") = "LoginUsingBCrypt", "LoginUsingBCrypt\LoginUsingBCrypt.csproj", "{9D86B6F1-EBFE-41DF-A600-2C5D1606B659}"
EndProject
Global
	GlobalSection(SolutionConfigurationPlatforms) = preSolution
		Debug|Any CPU = Debug|Any CPU
		Release|Any CPU = Release|Any CPU
	EndGlobalSection
	GlobalSection(ProjectConfigurationPlatforms) = postSolution
		{9D86B6F1-EBFE-41DF-A600-2C5D1606B659}.Debug|Any CPU.ActiveCfg = Debug|Any CPU
		{9D86B6F1-EBFE-41DF-A600-2C5D1606B659}.Debug|Any CPU.Build.0 = Debug|Any CPU
		{9D86B6F1-EBFE-41DF-A600-2C5D1606B659}.Release|Any CPU.ActiveCfg = Release|Any CPU
		{9D86B6F1-EBFE-41DF-A600-2C5D1606B659}.Release|Any CPU.Build.0 = Release|Any CPU
	EndGlobalSection
	GlobalSection(SolutionProperties) = preSolution
		HideSolutionNode = FALSE
	EndGlobalSection
	GlobalSection(ExtensibilityGlobals) = postSolution
		SolutionGuid = {30B291D1-3F0C-4ED6-835C-002C00A3B4A0}
	EndGlobalSection
EndGlobal
